
Microsoft Visual Studio Solution File, Format Version 12.00
# Visual Studio Version 17
VisualStudioVersion = 17.7.34009.444
MinimumVisualStudioVersion = 10.0.40219.1
Project("{FAE04EC0-301F-11D3-BF4B-00C04F79EFBC}") = "HotelReviewsAPI", "HotelReviewsAPI\HotelReviewsAPI.csproj", "{32484373-E4B8-40A3-ACF9-7759E7B9B603}"
EndProject
Global
	GlobalSection(SolutionConfigurationPlatforms) = preSolution
		Debug|Any CPU = Debug|Any CPU
		Release|Any CPU = Release|Any CPU
	EndGlobalSection
	GlobalSection(ProjectConfigurationPlatforms) = postSolution
		{32484373-E4B8-40A3-ACF9-7759E7B9B603}.Debug|Any CPU.ActiveCfg = Debug|Any CPU
		{32484373-E4B8-40A3-ACF9-7759E7B9B603}.Debug|Any CPU.Build.0 = Debug|Any CPU
		{32484373-E4B8-40A3-ACF9-7759E7B9B603}.Release|Any CPU.ActiveCfg = Release|Any CPU
		{32484373-E4B8-40A3-ACF9-7759E7B9B603}.Release|Any CPU.Build.0 = Release|Any CPU
	EndGlobalSection
	GlobalSection(SolutionProperties) = preSolution
		HideSolutionNode = FALSE
	EndGlobalSection
	GlobalSection(ExtensibilityGlobals) = postSolution
		SolutionGuid = {5A90DDAA-8156-49A8-8605-FCB8ECB2991E}
	EndGlobalSection
EndGlobal
